
Microsoft Visual Studio Solution File, Format Version 12.00
# Visual Studio 14
VisualStudioVersion = 14.0.25420.1
MinimumVisualStudioVersion = 10.0.40219.1
Project("{FAE04EC0-301F-11D3-BF4B-00C04F79EFBC}") = "SuperAdventure", "SuperAdventure\SuperAdventure.csproj", "{76F0DC04-56FE-4E26-AC1F-D4522DB15C49}"
EndProject
Project("{FAE04EC0-301F-11D3-BF4B-00C04F79EFBC}") = "Engine", "Engine\Engine.csproj", "{6F334D95-49F5-4C0E-B175-7E2D0B0A8009}"
EndProject
Project("{FAE04EC0-301F-11D3-BF4B-00C04F79EFBC}") = "SuperAdventureConsole", "SuperAdventureConsole2\SuperAdventureConsole.csproj", "{7F6B23BB-3CAB-4B70-B7E0-BCAE2B053ADA}"
EndProject
Global
	GlobalSection(SolutionConfigurationPlatforms) = preSolution
		Debug|Any CPU = Debug|Any CPU
		Debug|ARM = Debug|ARM
		Debug|x64 = Debug|x64
		Debug|x86 = Debug|x86
		Release|Any CPU = Release|Any CPU
		Release|ARM = Release|ARM
		Release|x64 = Release|x64
		Release|x86 = Release|x86
	EndGlobalSection
	GlobalSection(ProjectConfigurationPlatforms) = postSolution
		{76F0DC04-56FE-4E26-AC1F-D4522DB15C49}.Debug|Any CPU.ActiveCfg = Debug|Any CPU
		{76F0DC04-56FE-4E26-AC1F-D4522DB15C49}.Debug|Any CPU.Build.0 = Debug|Any CPU
		{76F0DC04-56FE-4E26-AC1F-D4522DB15C49}.Debug|ARM.ActiveCfg = Debug|Any CPU
		{76F0DC04-56FE-4E26-AC1F-D4522DB15C49}.Debug|ARM.Build.0 = Debug|Any CPU
		{76F0DC04-56FE-4E26-AC1F-D4522DB15C49}.Debug|x64.ActiveCfg = Debug|Any CPU
		{76F0DC04-56FE-4E26-AC1F-D4522DB15C49}.Debug|x64.Build.0 = Debug|Any CPU
		{76F0DC04-56FE-4E26-AC1F-D4522DB15C49}.Debug|x86.ActiveCfg = Debug|Any CPU
		{76F0DC04-56FE-4E26-AC1F-D4522DB15C49}.Debug|x86.Build.0 = Debug|Any CPU
		{76F0DC04-56FE-4E26-AC1F-D4522DB15C49}.Release|Any CPU.ActiveCfg = Release|Any CPU
		{76F0DC04-56FE-4E26-AC1F-D4522DB15C49}.Release|Any CPU.Build.0 = Release|Any CPU
		{76F0DC04-56FE-4E26-AC1F-D4522DB15C49}.Release|ARM.ActiveCfg = Release|Any CPU
		{76F0DC04-56FE-4E26-AC1F-D4522DB15C49}.Release|ARM.Build.0 = Release|Any CPU
		{76F0DC04-56FE-4E26-AC1F-D4522DB15C49}.Release|x64.ActiveCfg = Release|Any CPU
		{76F0DC04-56FE-4E26-AC1F-D4522DB15C49}.Release|x64.Build.0 = Release|Any CPU
		{76F0DC04-56FE-4E26-AC1F-D4522DB15C49}.Release|x86.ActiveCfg = Release|Any CPU
		{76F0DC04-56FE-4E26-AC1F-D4522DB15C49}.Release|x86.Build.0 = Release|Any CPU
		{6F334D95-49F5-4C0E-B175-7E2D0B0A8009}.Debug|Any CPU.ActiveCfg = Debug|Any CPU
		{6F334D95-49F5-4C0E-B175-7E2D0B0A8009}.Debug|Any CPU.Build.0 = Debug|Any CPU
		{6F334D95-49F5-4C0E-B175-7E2D0B0A8009}.Debug|ARM.ActiveCfg = Debug|Any CPU
		{6F334D95-49F5-4C0E-B175-7E2D0B0A8009}.Debug|ARM.Build.0 = Debug|Any CPU
		{6F334D95-49F5-4C0E-B175-7E2D0B0A8009}.Debug|x64.ActiveCfg = Debug|Any CPU
		{6F334D95-49F5-4C0E-B175-7E2D0B0A8009}.Debug|x64.Build.0 = Debug|Any CPU
		{6F334D95-49F5-4C0E-B175-7E2D0B0A8009}.Debug|x86.ActiveCfg = Debug|Any CPU
		{6F334D95-49F5-4C0E-B175-7E2D0B0A8009}.Debug|x86.Build.0 = Debug|Any CPU
		{6F334D95-49F5-4C0E-B175-7E2D0B0A8009}.Release|Any CPU.ActiveCfg = Release|Any CPU
		{6F334D95-49F5-4C0E-B175-7E2D0B0A8009}.Release|Any CPU.Build.0 = Release|Any CPU
		{6F334D95-49F5-4C0E-B175-7E2D0B0A8009}.Release|ARM.ActiveCfg = Release|Any CPU
		{6F334D95-49F5-4C0E-B175-7E2D0B0A8009}.Release|ARM.Build.0 = Release|Any CPU
		{6F334D95-49F5-4C0E-B175-7E2D0B0A8009}.Release|x64.ActiveCfg = Release|Any CPU
		{6F334D95-49F5-4C0E-B175-7E2D0B0A8009}.Release|x64.Build.0 = Release|Any CPU
		{6F334D95-49F5-4C0E-B175-7E2D0B0A8009}.Release|x86.ActiveCfg = Release|Any CPU
		{6F334D95-49F5-4C0E-B175-7E2D0B0A8009}.Release|x86.Build.0 = Release|Any CPU
		{7F6B23BB-3CAB-4B70-B7E0-BCAE2B053ADA}.Debug|Any CPU.ActiveCfg = Debug|Any CPU
		{7F6B23BB-3CAB-4B70-B7E0-BCAE2B053ADA}.Debug|Any CPU.Build.0 = Debug|Any CPU
		{7F6B23BB-3CAB-4B70-B7E0-BCAE2B053ADA}.Debug|ARM.ActiveCfg = Debug|Any CPU
		{7F6B23BB-3CAB-4B70-B7E0-BCAE2B053ADA}.Debug|ARM.Build.0 = Debug|Any CPU
		{7F6B23BB-3CAB-4B70-B7E0-BCAE2B053ADA}.Debug|x64.ActiveCfg = Debug|Any CPU
		{7F6B23BB-3CAB-4B70-B7E0-BCAE2B053ADA}.Debug|x64.Build.0 = Debug|Any CPU
		{7F6B23BB-3CAB-4B70-B7E0-BCAE2B053ADA}.Debug|x86.ActiveCfg = Debug|Any CPU
		{7F6B23BB-3CAB-4B70-B7E0-BCAE2B053ADA}.Debug|x86.Build.0 = Debug|Any CPU
		{7F6B23BB-3CAB-4B70-B7E0-BCAE2B053ADA}.Release|Any CPU.ActiveCfg = Release|Any CPU
		{7F6B23BB-3CAB-4B70-B7E0-BCAE2B053ADA}.Release|Any CPU.Build.0 = Release|Any CPU
		{7F6B23BB-3CAB-4B70-B7E0-BCAE2B053ADA}.Release|ARM.ActiveCfg = Release|Any CPU
		{7F6B23BB-3CAB-4B70-B7E0-BCAE2B053ADA}.Release|ARM.Build.0 = Release|Any CPU
		{7F6B23BB-3CAB-4B70-B7E0-BCAE2B053ADA}.Release|x64.ActiveCfg = Release|Any CPU
		{7F6B23BB-3CAB-4B70-B7E0-BCAE2B053ADA}.Release|x64.Build.0 = Release|Any CPU
		{7F6B23BB-3CAB-4B70-B7E0-BCAE2B053ADA}.Release|x86.ActiveCfg = Release|Any CPU
		{7F6B23BB-3CAB-4B70-B7E0-BCAE2B053ADA}.Release|x86.Build.0 = Release|Any CPU
	EndGlobalSection
	GlobalSection(SolutionProperties) = preSolution
		HideSolutionNode = FALSE
	EndGlobalSection
EndGlobal
